
Microsoft Visual Studio Solution File, Format Version 12.00
# Visual Studio Version 16
VisualStudioVersion = 16.0.29920.165
MinimumVisualStudioVersion = 10.0.40219.1
Project("{9A19103F-16F7-4668-BE54-9A1E7A4F7556}") = "Stos", "Stos\Stos.csproj", "{C9B8A990-1FB0-4ABF-967C-27FE1069BFB0}"
EndProject
Project("{FAE04EC0-301F-11D3-BF4B-00C04F79EFBC}") = "StosTests", "StosTests\StosTests.csproj", "{ACCD3A98-A21D-4ED1-944C-CA03C74DAA14}"
EndProject
Global
	GlobalSection(SolutionConfigurationPlatforms) = preSolution
		Debug|Any CPU = Debug|Any CPU
		Release|Any CPU = Release|Any CPU
	EndGlobalSection
	GlobalSection(ProjectConfigurationPlatforms) = postSolution
		{C9B8A990-1FB0-4ABF-967C-27FE1069BFB0}.Debug|Any CPU.ActiveCfg = Debug|Any CPU
		{C9B8A990-1FB0-4ABF-967C-27FE1069BFB0}.Debug|Any CPU.Build.0 = Debug|Any CPU
		{C9B8A990-1FB0-4ABF-967C-27FE1069BFB0}.Release|Any CPU.ActiveCfg = Release|Any CPU
		{C9B8A990-1FB0-4ABF-967C-27FE1069BFB0}.Release|Any CPU.Build.0 = Release|Any CPU
		{ACCD3A98-A21D-4ED1-944C-CA03C74DAA14}.Debug|Any CPU.ActiveCfg = Debug|Any CPU
		{ACCD3A98-A21D-4ED1-944C-CA03C74DAA14}.Debug|Any CPU.Build.0 = Debug|Any CPU
		{ACCD3A98-A21D-4ED1-944C-CA03C74DAA14}.Release|Any CPU.ActiveCfg = Release|Any CPU
		{ACCD3A98-A21D-4ED1-944C-CA03C74DAA14}.Release|Any CPU.Build.0 = Release|Any CPU
	EndGlobalSection
	GlobalSection(SolutionProperties) = preSolution
		HideSolutionNode = FALSE
	EndGlobalSection
	GlobalSection(ExtensibilityGlobals) = postSolution
		SolutionGuid = {C3DA60FC-003F-4C82-B350-20A92DB147AC}
	EndGlobalSection
EndGlobal
